
Microsoft Visual Studio Solution File, Format Version 12.00
# Visual Studio 2013
VisualStudioVersion = 12.0.21005.1
MinimumVisualStudioVersion = 10.0.40219.1
Project("{FAE04EC0-301F-11D3-BF4B-00C04F79EFBC}") = "TechTalks.Web", "TechTalks\TechTalks.Web.csproj", "{058D7632-B38C-4646-A914-0C604C853509}"
EndProject
Project("{FAE04EC0-301F-11D3-BF4B-00C04F79EFBC}") = "TechTalks.API", "TechTalksAPI\TechTalks.API.csproj", "{AB5FACBE-470D-4E4D-84CF-997C3ECDC480}"
EndProject
Project("{FAE04EC0-301F-11D3-BF4B-00C04F79EFBC}") = "TechTalks.DomainObjects", "DomainObjects\TechTalks.DomainObjects.csproj", "{A0B63117-84B6-4AAE-8332-2D08A12CC3A4}"
EndProject
Project("{FAE04EC0-301F-11D3-BF4B-00C04F79EFBC}") = "TechTalks.DataAccessLayer.Interface", "TechTalks.DataAccessLayer.Interface\TechTalks.DataAccessLayer.Interface.csproj", "{D64DEA01-FF7F-40E5-90AB-E009CB62FFAE}"
EndProject
Project("{FAE04EC0-301F-11D3-BF4B-00C04F79EFBC}") = "TechTalks.DataAccessLayer", "DataAccessLayer\TechTalks.DataAccessLayer.csproj", "{3585CF80-B8A9-40D6-8BF6-64D9A23621A9}"
EndProject
Project("{FAE04EC0-301F-11D3-BF4B-00C04F79EFBC}") = "TechTalks.BusinessLayer.Interface", "TechTalks.BusinessLayer.Interface\TechTalks.BusinessLayer.Interface.csproj", "{4E8F400A-9FA3-4140-8259-CEF5C4397664}"
EndProject
Project("{FAE04EC0-301F-11D3-BF4B-00C04F79EFBC}") = "TechTalks.BusinessLayer", "BusinessLayer\TechTalks.BusinessLayer.csproj", "{DCD944BF-7198-4041-BE3C-402683842DA9}"
EndProject
Project("{2150E333-8FDC-42A3-9474-1A3956D46DE8}") = "Tests", "Tests", "{BE289FB7-8B4E-48D8-8949-64945F9CDB31}"
EndProject
Project("{2150E333-8FDC-42A3-9474-1A3956D46DE8}") = "Interface", "Interface", "{B1722444-8763-4D9B-9A67-A64D9C8447C6}"
EndProject
Project("{2150E333-8FDC-42A3-9474-1A3956D46DE8}") = "API", "API", "{14DF8609-2504-422E-9C05-68F747D1508C}"
EndProject
Project("{FAE04EC0-301F-11D3-BF4B-00C04F79EFBC}") = "TTUtilities", "TTUtilities\TTUtilities.csproj", "{BB816AC6-8FBA-4E96-9592-7A9117B1577E}"
EndProject
Global
	GlobalSection(SolutionConfigurationPlatforms) = preSolution
		Debug|Any CPU = Debug|Any CPU
		Release|Any CPU = Release|Any CPU
	EndGlobalSection
	GlobalSection(ProjectConfigurationPlatforms) = postSolution
		{058D7632-B38C-4646-A914-0C604C853509}.Debug|Any CPU.ActiveCfg = Debug|Any CPU
		{058D7632-B38C-4646-A914-0C604C853509}.Debug|Any CPU.Build.0 = Debug|Any CPU
		{058D7632-B38C-4646-A914-0C604C853509}.Release|Any CPU.ActiveCfg = Release|Any CPU
		{058D7632-B38C-4646-A914-0C604C853509}.Release|Any CPU.Build.0 = Release|Any CPU
		{AB5FACBE-470D-4E4D-84CF-997C3ECDC480}.Debug|Any CPU.ActiveCfg = Debug|Any CPU
		{AB5FACBE-470D-4E4D-84CF-997C3ECDC480}.Debug|Any CPU.Build.0 = Debug|Any CPU
		{AB5FACBE-470D-4E4D-84CF-997C3ECDC480}.Release|Any CPU.ActiveCfg = Release|Any CPU
		{AB5FACBE-470D-4E4D-84CF-997C3ECDC480}.Release|Any CPU.Build.0 = Release|Any CPU
		{A0B63117-84B6-4AAE-8332-2D08A12CC3A4}.Debug|Any CPU.ActiveCfg = Debug|Any CPU
		{A0B63117-84B6-4AAE-8332-2D08A12CC3A4}.Debug|Any CPU.Build.0 = Debug|Any CPU
		{A0B63117-84B6-4AAE-8332-2D08A12CC3A4}.Release|Any CPU.ActiveCfg = Release|Any CPU
		{A0B63117-84B6-4AAE-8332-2D08A12CC3A4}.Release|Any CPU.Build.0 = Release|Any CPU
		{D64DEA01-FF7F-40E5-90AB-E009CB62FFAE}.Debug|Any CPU.ActiveCfg = Debug|Any CPU
		{D64DEA01-FF7F-40E5-90AB-E009CB62FFAE}.Debug|Any CPU.Build.0 = Debug|Any CPU
		{D64DEA01-FF7F-40E5-90AB-E009CB62FFAE}.Release|Any CPU.ActiveCfg = Release|Any CPU
		{D64DEA01-FF7F-40E5-90AB-E009CB62FFAE}.Release|Any CPU.Build.0 = Release|Any CPU
		{3585CF80-B8A9-40D6-8BF6-64D9A23621A9}.Debug|Any CPU.ActiveCfg = Debug|Any CPU
		{3585CF80-B8A9-40D6-8BF6-64D9A23621A9}.Debug|Any CPU.Build.0 = Debug|Any CPU
		{3585CF80-B8A9-40D6-8BF6-64D9A23621A9}.Release|Any CPU.ActiveCfg = Release|Any CPU
		{3585CF80-B8A9-40D6-8BF6-64D9A23621A9}.Release|Any CPU.Build.0 = Release|Any CPU
		{4E8F400A-9FA3-4140-8259-CEF5C4397664}.Debug|Any CPU.ActiveCfg = Debug|Any CPU
		{4E8F400A-9FA3-4140-8259-CEF5C4397664}.Debug|Any CPU.Build.0 = Debug|Any CPU
		{4E8F400A-9FA3-4140-8259-CEF5C4397664}.Release|Any CPU.ActiveCfg = Release|Any CPU
		{4E8F400A-9FA3-4140-8259-CEF5C4397664}.Release|Any CPU.Build.0 = Release|Any CPU
		{DCD944BF-7198-4041-BE3C-402683842DA9}.Debug|Any CPU.ActiveCfg = Debug|Any CPU
		{DCD944BF-7198-4041-BE3C-402683842DA9}.Debug|Any CPU.Build.0 = Debug|Any CPU
		{DCD944BF-7198-4041-BE3C-402683842DA9}.Release|Any CPU.ActiveCfg = Release|Any CPU
		{DCD944BF-7198-4041-BE3C-402683842DA9}.Release|Any CPU.Build.0 = Release|Any CPU
		{BB816AC6-8FBA-4E96-9592-7A9117B1577E}.Debug|Any CPU.ActiveCfg = Debug|Any CPU
		{BB816AC6-8FBA-4E96-9592-7A9117B1577E}.Debug|Any CPU.Build.0 = Debug|Any CPU
		{BB816AC6-8FBA-4E96-9592-7A9117B1577E}.Release|Any CPU.ActiveCfg = Release|Any CPU
		{BB816AC6-8FBA-4E96-9592-7A9117B1577E}.Release|Any CPU.Build.0 = Release|Any CPU
	EndGlobalSection
	GlobalSection(SolutionProperties) = preSolution
		HideSolutionNode = FALSE
	EndGlobalSection
	GlobalSection(NestedProjects) = preSolution
		{D64DEA01-FF7F-40E5-90AB-E009CB62FFAE} = {B1722444-8763-4D9B-9A67-A64D9C8447C6}
		{4E8F400A-9FA3-4140-8259-CEF5C4397664} = {B1722444-8763-4D9B-9A67-A64D9C8447C6}
		{AB5FACBE-470D-4E4D-84CF-997C3ECDC480} = {14DF8609-2504-422E-9C05-68F747D1508C}
		{DCD944BF-7198-4041-BE3C-402683842DA9} = {14DF8609-2504-422E-9C05-68F747D1508C}
		{3585CF80-B8A9-40D6-8BF6-64D9A23621A9} = {14DF8609-2504-422E-9C05-68F747D1508C}
		{A0B63117-84B6-4AAE-8332-2D08A12CC3A4} = {14DF8609-2504-422E-9C05-68F747D1508C}
	EndGlobalSection
EndGlobal
