
Microsoft Visual Studio Solution File, Format Version 12.00
# Visual Studio 2013
VisualStudioVersion = 12.0.21005.1
MinimumVisualStudioVersion = 10.0.40219.1
Project("{2150E333-8FDC-42A3-9474-1A3956D46DE8}") = "Tests", "Tests", "{BE289FB7-8B4E-48D8-8949-64945F9CDB31}"
EndProject
Project("{2150E333-8FDC-42A3-9474-1A3956D46DE8}") = "Interface", "Interface", "{B1722444-8763-4D9B-9A67-A64D9C8447C6}"
EndProject
Project("{2150E333-8FDC-42A3-9474-1A3956D46DE8}") = "API", "API", "{14DF8609-2504-422E-9C05-68F747D1508C}"
EndProject
Project("{FAE04EC0-301F-11D3-BF4B-00C04F79EFBC}") = "TeckTalks.BusinessLayer", "TeckTalks.BusinessLayer\TeckTalks.BusinessLayer.csproj", "{BFFCED2E-5374-4AD2-BC42-3E429DCB5270}"
EndProject
Project("{FAE04EC0-301F-11D3-BF4B-00C04F79EFBC}") = "TeckTalks.DataAccessLayer", "TeckTalks.DataAccessLayer\TeckTalks.DataAccessLayer.csproj", "{660213C3-DAE6-4697-8014-BB9BBD4F531B}"
EndProject
Project("{FAE04EC0-301F-11D3-BF4B-00C04F79EFBC}") = "TeckTalks.DomainObjects", "TeckTalks.DomainObjects\TeckTalks.DomainObjects.csproj", "{B95C8156-528F-4BF6-92BF-1230678624DF}"
EndProject
Project("{FAE04EC0-301F-11D3-BF4B-00C04F79EFBC}") = "TeckTalks.BusinessLayer.Interface", "TeckTalks.BusinessLayer.Interface\TeckTalks.BusinessLayer.Interface.csproj", "{83C42A66-EB7E-402A-AF18-0509AF3FBAC6}"
EndProject
Project("{FAE04EC0-301F-11D3-BF4B-00C04F79EFBC}") = "TeckTalks.DataAccessLayer.Interface", "TeckTalks.DataAccessLayer.Interface\TeckTalks.DataAccessLayer.Interface.csproj", "{1C9D7754-CDF5-4D60-B6A9-CD6345819F4F}"
EndProject
Project("{FAE04EC0-301F-11D3-BF4B-00C04F79EFBC}") = "TTUtilities", "TTUtilities\TTUtilities.csproj", "{E3F05930-07E5-45B3-91A8-9FDACC28CCA5}"
EndProject
Project("{FAE04EC0-301F-11D3-BF4B-00C04F79EFBC}") = "TechTalks.API", "TechTalks.API\TechTalks.API.csproj", "{BB50A397-A288-4B60-BFCE-6D7DA29B5C55}"
EndProject
Project("{FAE04EC0-301F-11D3-BF4B-00C04F79EFBC}") = "TechTalks.Web", "TechTalks.Web\TechTalks.Web.csproj", "{01820492-AA92-4FA0-BE05-70CC253863E3}"
EndProject
Project("{2150E333-8FDC-42A3-9474-1A3956D46DE8}") = ".nuget", ".nuget", "{84E8DEF5-BA82-46A3-AB6C-014F5510BB3B}"
	ProjectSection(SolutionItems) = preProject
		.nuget\NuGet.Config = .nuget\NuGet.Config
		.nuget\NuGet.exe = .nuget\NuGet.exe
		.nuget\NuGet.targets = .nuget\NuGet.targets
	EndProjectSection
EndProject
Global
	GlobalSection(SolutionConfigurationPlatforms) = preSolution
		Debug|Any CPU = Debug|Any CPU
		Release|Any CPU = Release|Any CPU
	EndGlobalSection
	GlobalSection(ProjectConfigurationPlatforms) = postSolution
		{BFFCED2E-5374-4AD2-BC42-3E429DCB5270}.Debug|Any CPU.ActiveCfg = Debug|Any CPU
		{BFFCED2E-5374-4AD2-BC42-3E429DCB5270}.Debug|Any CPU.Build.0 = Debug|Any CPU
		{BFFCED2E-5374-4AD2-BC42-3E429DCB5270}.Release|Any CPU.ActiveCfg = Release|Any CPU
		{BFFCED2E-5374-4AD2-BC42-3E429DCB5270}.Release|Any CPU.Build.0 = Release|Any CPU
		{660213C3-DAE6-4697-8014-BB9BBD4F531B}.Debug|Any CPU.ActiveCfg = Debug|Any CPU
		{660213C3-DAE6-4697-8014-BB9BBD4F531B}.Debug|Any CPU.Build.0 = Debug|Any CPU
		{660213C3-DAE6-4697-8014-BB9BBD4F531B}.Release|Any CPU.ActiveCfg = Release|Any CPU
		{660213C3-DAE6-4697-8014-BB9BBD4F531B}.Release|Any CPU.Build.0 = Release|Any CPU
		{B95C8156-528F-4BF6-92BF-1230678624DF}.Debug|Any CPU.ActiveCfg = Debug|Any CPU
		{B95C8156-528F-4BF6-92BF-1230678624DF}.Debug|Any CPU.Build.0 = Debug|Any CPU
		{B95C8156-528F-4BF6-92BF-1230678624DF}.Release|Any CPU.ActiveCfg = Release|Any CPU
		{B95C8156-528F-4BF6-92BF-1230678624DF}.Release|Any CPU.Build.0 = Release|Any CPU
		{83C42A66-EB7E-402A-AF18-0509AF3FBAC6}.Debug|Any CPU.ActiveCfg = Debug|Any CPU
		{83C42A66-EB7E-402A-AF18-0509AF3FBAC6}.Debug|Any CPU.Build.0 = Debug|Any CPU
		{83C42A66-EB7E-402A-AF18-0509AF3FBAC6}.Release|Any CPU.ActiveCfg = Release|Any CPU
		{83C42A66-EB7E-402A-AF18-0509AF3FBAC6}.Release|Any CPU.Build.0 = Release|Any CPU
		{1C9D7754-CDF5-4D60-B6A9-CD6345819F4F}.Debug|Any CPU.ActiveCfg = Debug|Any CPU
		{1C9D7754-CDF5-4D60-B6A9-CD6345819F4F}.Debug|Any CPU.Build.0 = Debug|Any CPU
		{1C9D7754-CDF5-4D60-B6A9-CD6345819F4F}.Release|Any CPU.ActiveCfg = Release|Any CPU
		{1C9D7754-CDF5-4D60-B6A9-CD6345819F4F}.Release|Any CPU.Build.0 = Release|Any CPU
		{E3F05930-07E5-45B3-91A8-9FDACC28CCA5}.Debug|Any CPU.ActiveCfg = Debug|Any CPU
		{E3F05930-07E5-45B3-91A8-9FDACC28CCA5}.Debug|Any CPU.Build.0 = Debug|Any CPU
		{E3F05930-07E5-45B3-91A8-9FDACC28CCA5}.Release|Any CPU.ActiveCfg = Release|Any CPU
		{E3F05930-07E5-45B3-91A8-9FDACC28CCA5}.Release|Any CPU.Build.0 = Release|Any CPU
		{BB50A397-A288-4B60-BFCE-6D7DA29B5C55}.Debug|Any CPU.ActiveCfg = Debug|Any CPU
		{BB50A397-A288-4B60-BFCE-6D7DA29B5C55}.Debug|Any CPU.Build.0 = Debug|Any CPU
		{BB50A397-A288-4B60-BFCE-6D7DA29B5C55}.Release|Any CPU.ActiveCfg = Release|Any CPU
		{BB50A397-A288-4B60-BFCE-6D7DA29B5C55}.Release|Any CPU.Build.0 = Release|Any CPU
		{01820492-AA92-4FA0-BE05-70CC253863E3}.Debug|Any CPU.ActiveCfg = Debug|Any CPU
		{01820492-AA92-4FA0-BE05-70CC253863E3}.Debug|Any CPU.Build.0 = Debug|Any CPU
		{01820492-AA92-4FA0-BE05-70CC253863E3}.Release|Any CPU.ActiveCfg = Release|Any CPU
		{01820492-AA92-4FA0-BE05-70CC253863E3}.Release|Any CPU.Build.0 = Release|Any CPU
	EndGlobalSection
	GlobalSection(SolutionProperties) = preSolution
		HideSolutionNode = FALSE
	EndGlobalSection
	GlobalSection(NestedProjects) = preSolution
		{83C42A66-EB7E-402A-AF18-0509AF3FBAC6} = {B1722444-8763-4D9B-9A67-A64D9C8447C6}
		{1C9D7754-CDF5-4D60-B6A9-CD6345819F4F} = {B1722444-8763-4D9B-9A67-A64D9C8447C6}
		{BFFCED2E-5374-4AD2-BC42-3E429DCB5270} = {14DF8609-2504-422E-9C05-68F747D1508C}
		{660213C3-DAE6-4697-8014-BB9BBD4F531B} = {14DF8609-2504-422E-9C05-68F747D1508C}
		{B95C8156-528F-4BF6-92BF-1230678624DF} = {14DF8609-2504-422E-9C05-68F747D1508C}
		{BB50A397-A288-4B60-BFCE-6D7DA29B5C55} = {14DF8609-2504-422E-9C05-68F747D1508C}
	EndGlobalSection
EndGlobal
